
Microsoft Visual Studio Solution File, Format Version 12.00
# Visual Studio 14
VisualStudioVersion = 14.0.24720.0
MinimumVisualStudioVersion = 10.0.40219.1
Project("{2150E333-8FDC-42A3-9474-1A3956D46DE8}") = "src", "src", "{B9F55B0C-30FD-47AB-A113-2916F694D946}"
EndProject
Project("{2150E333-8FDC-42A3-9474-1A3956D46DE8}") = "Solution Items", "Solution Items", "{33325EE3-AFDD-45D7-9144-ABC55883CEB4}"
	ProjectSection(SolutionItems) = preProject
		global.json = global.json
	EndProjectSection
EndProject
Project("{8BB2217D-0F2D-49D1-97BC-3654ED321F3B}") = "PhaserGame", "src\PhaserGame\PhaserGame.xproj", "{DB76A63D-99A4-4636-9D79-C264C4F0B551}"
EndProject
Project("{FAE04EC0-301F-11D3-BF4B-00C04F79EFBC}") = "PhaserGameHtml", "PhaserGameHtml\PhaserGameHtml.csproj", "{DA8BCB1C-6F4D-40D1-8204-BB15BF204AB1}"
EndProject
Global
	GlobalSection(SolutionConfigurationPlatforms) = preSolution
		Debug|Any CPU = Debug|Any CPU
		Release|Any CPU = Release|Any CPU
	EndGlobalSection
	GlobalSection(ProjectConfigurationPlatforms) = postSolution
		{DB76A63D-99A4-4636-9D79-C264C4F0B551}.Debug|Any CPU.ActiveCfg = Debug|Any CPU
		{DB76A63D-99A4-4636-9D79-C264C4F0B551}.Debug|Any CPU.Build.0 = Debug|Any CPU
		{DB76A63D-99A4-4636-9D79-C264C4F0B551}.Release|Any CPU.ActiveCfg = Release|Any CPU
		{DB76A63D-99A4-4636-9D79-C264C4F0B551}.Release|Any CPU.Build.0 = Release|Any CPU
		{DA8BCB1C-6F4D-40D1-8204-BB15BF204AB1}.Debug|Any CPU.ActiveCfg = Debug|Any CPU
		{DA8BCB1C-6F4D-40D1-8204-BB15BF204AB1}.Debug|Any CPU.Build.0 = Debug|Any CPU
		{DA8BCB1C-6F4D-40D1-8204-BB15BF204AB1}.Release|Any CPU.ActiveCfg = Release|Any CPU
		{DA8BCB1C-6F4D-40D1-8204-BB15BF204AB1}.Release|Any CPU.Build.0 = Release|Any CPU
	EndGlobalSection
	GlobalSection(SolutionProperties) = preSolution
		HideSolutionNode = FALSE
	EndGlobalSection
	GlobalSection(NestedProjects) = preSolution
		{DB76A63D-99A4-4636-9D79-C264C4F0B551} = {B9F55B0C-30FD-47AB-A113-2916F694D946}
	EndGlobalSection
EndGlobal
